{
  "version": 4,
  "terraform_version": "1.12.2",
  "serial": 127,
  "lineage": "e36d2194-878d-158e-c01b-27abde0f5725",
  "outputs": {},
  "resources": [
    {
      "module": "module.eks_setup",
      "mode": "data",
      "type": "aws_eks_cluster_auth",
      "name": "cluster_auth",
      "provider": "module.eks_setup.provider[\"registry.terraform.io/hashicorp/aws\"]",
      "instances": [
        {
          "schema_version": 0,
          "attributes": {
            "id": "dev-illuminati_app_cluster",
            "name": "dev-illuminati_app_cluster",
            "region": "us-east-1",
            "token": "k8s-aws-v1.aHR0cHM6Ly9zdHMudXMtZWFzdC0xLmFtYXpvbmF3cy5jb20vP0FjdGlvbj1HZXRDYWxsZXJJZGVudGl0eSZWZXJzaW9uPTIwMTEtMDYtMTUmWC1BbXotQWxnb3JpdGhtPUFXUzQtSE1BQy1TSEEyNTYmWC1BbXotQ3JlZGVudGlhbD1BS0lBUzNBSzZCTklJWk1SS05IMyUyRjIwMjUxMjA5JTJGdXMtZWFzdC0xJTJGc3RzJTJGYXdzNF9yZXF1ZXN0JlgtQW16LURhdGU9MjAyNTEyMDlUMjAwODM0WiZYLUFtei1FeHBpcmVzPTAmWC1BbXotU2lnbmVkSGVhZGVycz1ob3N0JTNCeC1rOHMtYXdzLWlkJlgtQW16LVNpZ25hdHVyZT0wNmQzN2M5ODI3ZmM3Nzk2ZWNlYmQ4MzZjMmIwM2E1NTA4NmQ2YzA1ZGRjMWNkMjJjMzhlZDE5NDUyNzAzZDdj"
          },
          "sensitive_attributes": [
            [
              {
                "type": "get_attr",
                "value": "token"
              }
            ]
          ],
          "identity_schema_version": 0
        }
      ]
    },
    {
      "module": "module.eks_setup",
      "mode": "managed",
      "type": "aws_eks_cluster",
      "name": "eks",
      "provider": "module.eks_setup.provider[\"registry.terraform.io/hashicorp/aws\"]",
      "instances": [
        {
          "schema_version": 1,
          "attributes": {
            "access_config": [
              {
                "authentication_mode": "API",
                "bootstrap_cluster_creator_admin_permissions": true
              }
            ],
            "arn": "arn:aws:eks:us-east-1:195443952464:cluster/dev-illuminati_app_cluster",
            "bootstrap_self_managed_addons": true,
            "certificate_authority": [
              {
                "data": "LS0tLS1CRUdJTiBDRVJUSUZJQ0FURS0tLS0tCk1JSURCVENDQWUyZ0F3SUJBZ0lJTXRjdkNYZGpsOUl3RFFZSktvWklodmNOQVFFTEJRQXdGVEVUTUJFR0ExVUUKQXhNS2EzVmlaWEp1WlhSbGN6QWVGdzB5TlRFeU1Ea3hNakEwTVRoYUZ3MHpOVEV5TURjeE1qQTVNVGhhTUJVeApFekFSQmdOVkJBTVRDbXQxWW1WeWJtVjBaWE13Z2dFaU1BMEdDU3FHU0liM0RRRUJBUVVBQTRJQkR3QXdnZ0VLCkFvSUJBUUNxSktGNTlvbmZzT2x1OVVJb1VpOFBRdGxmSnR0SmVYNThrM2xEbUtTS2lyTGJGNTU1MVRnUGtHdlMKTkJLTHZRWkhveUZXUkNrSmdWRXZYNDduOWMzNGZpNVNKVmhJcHI5MkVrR2lJelQ1Y2hQdnJQK2JpQkFPQWxueQpUZWNvOUd0SnUrOTNlRUl6dktKNjB4dFcxV0NwL09xQmdmU0JMNzZYQUhxOHNmaDN4RDlHMko3YTJsUzBQVjM5CjRCaElqc29zN2hQNnNqV01lYW05Q3F5RkMxRisxKzJrT3JoOHA2ZmxwRUdLT1ViY1kwbnBiUXBoUll5bnlpbS8KenBHeVY3cVVIK2NtUHdJVlhLamo0Mk1sWjF6bis1dDc4M2tnd2U0VzdLcW43YnUwR1FubWUySk91ZjVCQkt2WQp2YVcxY1NId2FDY3ROQkdtNEU2Rk5LVStUSzJMQWdNQkFBR2pXVEJYTUE0R0ExVWREd0VCL3dRRUF3SUNwREFQCkJnTlZIUk1CQWY4RUJUQURBUUgvTUIwR0ExVWREZ1FXQkJRUnh1ODYycUZVaVJkQVBIMjloRVBZdTFWMHhUQVYKQmdOVkhSRUVEakFNZ2dwcmRXSmxjbTVsZEdWek1BMEdDU3FHU0liM0RRRUJDd1VBQTRJQkFRQnlkRFF4NXRDLwoyRnZJa0dkV2tCbE1tMkxsREJ4aDdZVUdUa25mY0pZYVdzSlJjelVSMytDcGt2TXcxVWd0YVZDajJ6Z2hKNDJECmdIVG5RMUJ4T3lsMHJ5QVlEQ3ArdnlmTnphN1dnRmxMTHdoT0t4L3gwWUFlS3VreTQ3OC9BZFpmaWVtZzhyTDIKcmxCT1NzMlA4WXNTYXJONkR1RDE5bHpVTk53Z1FTUzJ0MTloSUc5Q1NWT0tHbVhHUnNLZFdTWnY3VVFKOVc5MQpPT1R2emlyTUJDMEJJVzFkRXZRUUZBNW1HKzVXNXVpZVdFY2xEWGJEdTRQRk53TEF4SkZ2dm9oSE95cFJ3MnRXCkgzeTExVXRJamI2cWwzcmIyeitLSUJCRlYrb0Y5OFkzcUk3YXBURjZvUzRTVTFvbEtrSmh2Q2l2bHcyYzdjU3YKc2VJTTZWeXBiWVZkCi0tLS0tRU5EIENFUlRJRklDQVRFLS0tLS0K"
              }
            ],
            "cluster_id": null,
            "compute_config": [],
            "created_at": "2025-12-09T12:02:40Z",
            "deletion_protection": false,
            "enabled_cluster_log_types": [],
            "encryption_config": [],
            "endpoint": "https://14C476F161AE519666E0EE2CE26E272D.gr7.us-east-1.eks.amazonaws.com",
            "force_update_version": null,
            "id": "dev-illuminati_app_cluster",
            "identity": [
              {
                "oidc": [
                  {
                    "issuer": "https://oidc.eks.us-east-1.amazonaws.com/id/14C476F161AE519666E0EE2CE26E272D"
                  }
                ]
              }
            ],
            "kubernetes_network_config": [
              {
                "elastic_load_balancing": [
                  {
                    "enabled": false
                  }
                ],
                "ip_family": "ipv4",
                "service_ipv4_cidr": "172.20.0.0/16",
                "service_ipv6_cidr": ""
              }
            ],
            "name": "dev-illuminati_app_cluster",
            "outpost_config": [],
            "platform_version": "eks.9",
            "region": "us-east-1",
            "remote_network_config": [],
            "role_arn": "arn:aws:iam::195443952464:role/dev-illuminati_app_cluster-eks-cluster",
            "status": "ACTIVE",
            "storage_config": [],
            "tags": {},
            "tags_all": {},
            "timeouts": null,
            "upgrade_policy": [
              {
                "support_type": "EXTENDED"
              }
            ],
            "version": "1.34",
            "vpc_config": [
              {
                "cluster_security_group_id": "sg-02885bff58d38eaac",
                "endpoint_private_access": false,
                "endpoint_public_access": true,
                "public_access_cidrs": [
                  "0.0.0.0/0"
                ],
                "security_group_ids": [],
                "subnet_ids": [
                  "subnet-000dde709e05cef60",
                  "subnet-00d16a539fc633282"
                ],
                "vpc_id": "vpc-083267667a7e838d8"
              }
            ],
            "zonal_shift_config": []
          },
          "sensitive_attributes": [],
          "identity_schema_version": 0,
          "private": "eyJlMmJmYjczMC1lY2FhLTExZTYtOGY4OC0zNDM2M2JjN2M0YzAiOnsiY3JlYXRlIjoxODAwMDAwMDAwMDAwLCJkZWxldGUiOjkwMDAwMDAwMDAwMCwidXBkYXRlIjozNjAwMDAwMDAwMDAwfSwic2NoZW1hX3ZlcnNpb24iOiIxIn0=",
          "dependencies": [
            "module.eks_setup.aws_iam_role.eks",
            "module.eks_setup.aws_iam_role_policy_attachment.eks",
            "module.eks_setup.aws_subnet.private_zone1",
            "module.eks_setup.aws_subnet.private_zone2"
          ],
          "create_before_destroy": true
        }
      ]
    },
    {
      "module": "module.eks_setup",
      "mode": "managed",
      "type": "aws_iam_role",
      "name": "eks",
      "provider": "module.eks_setup.provider[\"registry.terraform.io/hashicorp/aws\"]",
      "instances": [
        {
          "schema_version": 0,
          "attributes": {
            "arn": "arn:aws:iam::195443952464:role/dev-illuminati_app_cluster-eks-cluster",
            "assume_role_policy": "{\"Statement\":[{\"Action\":\"sts:AssumeRole\",\"Effect\":\"Allow\",\"Principal\":{\"Service\":\"eks.amazonaws.com\"}}],\"Version\":\"2012-10-17\"}",
            "create_date": "2025-12-09T12:02:35Z",
            "description": "",
            "force_detach_policies": false,
            "id": "dev-illuminati_app_cluster-eks-cluster",
            "inline_policy": [],
            "managed_policy_arns": [
              "arn:aws:iam::aws:policy/AmazonEKSClusterPolicy"
            ],
            "max_session_duration": 3600,
            "name": "dev-illuminati_app_cluster-eks-cluster",
            "name_prefix": "",
            "path": "/",
            "permissions_boundary": "",
            "tags": {},
            "tags_all": {},
            "unique_id": "AROAS3AK6BNIDBTL5I3XC"
          },
          "sensitive_attributes": [],
          "identity_schema_version": 0,
          "identity": {
            "account_id": "195443952464",
            "name": "dev-illuminati_app_cluster-eks-cluster"
          },
          "private": "bnVsbA==",
          "create_before_destroy": true
        }
      ]
    },
    {
      "module": "module.eks_setup",
      "mode": "managed",
      "type": "aws_iam_role_policy_attachment",
      "name": "eks",
      "provider": "module.eks_setup.provider[\"registry.terraform.io/hashicorp/aws\"]",
      "instances": [
        {
          "schema_version": 0,
          "attributes": {
            "id": "dev-illuminati_app_cluster-eks-cluster/arn:aws:iam::aws:policy/AmazonEKSClusterPolicy",
            "policy_arn": "arn:aws:iam::aws:policy/AmazonEKSClusterPolicy",
            "role": "dev-illuminati_app_cluster-eks-cluster"
          },
          "sensitive_attributes": [],
          "identity_schema_version": 0,
          "identity": {
            "account_id": "195443952464",
            "policy_arn": "arn:aws:iam::aws:policy/AmazonEKSClusterPolicy",
            "role": "dev-illuminati_app_cluster-eks-cluster"
          },
          "private": "bnVsbA==",
          "dependencies": [
            "module.eks_setup.aws_iam_role.eks"
          ],
          "create_before_destroy": true
        }
      ]
    },
    {
      "module": "module.eks_setup",
      "mode": "managed",
      "type": "aws_subnet",
      "name": "private_zone1",
      "provider": "module.eks_setup.provider[\"registry.terraform.io/hashicorp/aws\"]",
      "instances": [
        {
          "schema_version": 1,
          "attributes": {
            "arn": "arn:aws:ec2:us-east-1:195443952464:subnet/subnet-000dde709e05cef60",
            "assign_ipv6_address_on_creation": false,
            "availability_zone": "us-east-1a",
            "availability_zone_id": "use1-az1",
            "cidr_block": "10.0.10.0/24",
            "customer_owned_ipv4_pool": "",
            "enable_dns64": false,
            "enable_lni_at_device_index": 0,
            "enable_resource_name_dns_a_record_on_launch": false,
            "enable_resource_name_dns_aaaa_record_on_launch": false,
            "id": "subnet-000dde709e05cef60",
            "ipv6_cidr_block": "",
            "ipv6_cidr_block_association_id": "",
            "ipv6_native": false,
            "map_customer_owned_ip_on_launch": false,
            "map_public_ip_on_launch": false,
            "outpost_arn": "",
            "owner_id": "195443952464",
            "private_dns_hostname_type_on_launch": "ip-name",
            "region": "us-east-1",
            "tags": {
              "Name": "dev-illuminati_app_cluster-private-us-east-1a",
              "kubernetes.io/cluster/dev-illuminati_app_cluster": "owned",
              "kubernetes.io/role/internal-elb": "1"
            },
            "tags_all": {
              "Name": "dev-illuminati_app_cluster-private-us-east-1a",
              "kubernetes.io/cluster/dev-illuminati_app_cluster": "owned",
              "kubernetes.io/role/internal-elb": "1"
            },
            "timeouts": null,
            "vpc_id": "vpc-083267667a7e838d8"
          },
          "sensitive_attributes": [],
          "identity_schema_version": 0,
          "identity": {
            "account_id": "195443952464",
            "id": "subnet-000dde709e05cef60",
            "region": "us-east-1"
          },
          "private": "eyJlMmJmYjczMC1lY2FhLTExZTYtOGY4OC0zNDM2M2JjN2M0YzAiOnsiY3JlYXRlIjo2MDAwMDAwMDAwMDAsImRlbGV0ZSI6MTIwMDAwMDAwMDAwMH0sInNjaGVtYV92ZXJzaW9uIjoiMSJ9",
          "create_before_destroy": true
        }
      ]
    },
    {
      "module": "module.eks_setup",
      "mode": "managed",
      "type": "aws_subnet",
      "name": "private_zone2",
      "provider": "module.eks_setup.provider[\"registry.terraform.io/hashicorp/aws\"]",
      "instances": [
        {
          "schema_version": 1,
          "attributes": {
            "arn": "arn:aws:ec2:us-east-1:195443952464:subnet/subnet-00d16a539fc633282",
            "assign_ipv6_address_on_creation": false,
            "availability_zone": "us-east-1b",
            "availability_zone_id": "use1-az2",
            "cidr_block": "10.0.11.0/24",
            "customer_owned_ipv4_pool": "",
            "enable_dns64": false,
            "enable_lni_at_device_index": 0,
            "enable_resource_name_dns_a_record_on_launch": false,
            "enable_resource_name_dns_aaaa_record_on_launch": false,
            "id": "subnet-00d16a539fc633282",
            "ipv6_cidr_block": "",
            "ipv6_cidr_block_association_id": "",
            "ipv6_native": false,
            "map_customer_owned_ip_on_launch": false,
            "map_public_ip_on_launch": false,
            "outpost_arn": "",
            "owner_id": "195443952464",
            "private_dns_hostname_type_on_launch": "ip-name",
            "region": "us-east-1",
            "tags": {
              "Name": "dev-illuminati_app_cluster-private-us-east-1b",
              "kubernetes.io/cluster/dev-illuminati_app_cluster": "owned",
              "kubernetes.io/role/internal-elb": "1"
            },
            "tags_all": {
              "Name": "dev-illuminati_app_cluster-private-us-east-1b",
              "kubernetes.io/cluster/dev-illuminati_app_cluster": "owned",
              "kubernetes.io/role/internal-elb": "1"
            },
            "timeouts": null,
            "vpc_id": "vpc-083267667a7e838d8"
          },
          "sensitive_attributes": [],
          "identity_schema_version": 0,
          "identity": {
            "account_id": "195443952464",
            "id": "subnet-00d16a539fc633282",
            "region": "us-east-1"
          },
          "private": "eyJlMmJmYjczMC1lY2FhLTExZTYtOGY4OC0zNDM2M2JjN2M0YzAiOnsiY3JlYXRlIjo2MDAwMDAwMDAwMDAsImRlbGV0ZSI6MTIwMDAwMDAwMDAwMH0sInNjaGVtYV92ZXJzaW9uIjoiMSJ9",
          "create_before_destroy": true
        }
      ]
    },
    {
      "module": "module.eks_setup",
      "mode": "managed",
      "type": "aws_subnet",
      "name": "public_zone1",
      "provider": "module.eks_setup.provider[\"registry.terraform.io/hashicorp/aws\"]",
      "instances": [
        {
          "schema_version": 1,
          "attributes": {
            "arn": "arn:aws:ec2:us-east-1:195443952464:subnet/subnet-0894703cad1766f5f",
            "assign_ipv6_address_on_creation": false,
            "availability_zone": "us-east-1a",
            "availability_zone_id": "use1-az1",
            "cidr_block": "10.0.12.0/24",
            "customer_owned_ipv4_pool": "",
            "enable_dns64": false,
            "enable_lni_at_device_index": 0,
            "enable_resource_name_dns_a_record_on_launch": false,
            "enable_resource_name_dns_aaaa_record_on_launch": false,
            "id": "subnet-0894703cad1766f5f",
            "ipv6_cidr_block": "",
            "ipv6_cidr_block_association_id": "",
            "ipv6_native": false,
            "map_customer_owned_ip_on_launch": false,
            "map_public_ip_on_launch": true,
            "outpost_arn": "",
            "owner_id": "195443952464",
            "private_dns_hostname_type_on_launch": "ip-name",
            "region": "us-east-1",
            "tags": {
              "Name": "dev-illuminati_app_cluster-public-us-east-1a",
              "kubernetes.io/cluster/dev-illuminati_app_cluster": "owned",
              "kubernetes.io/role/elb": "1"
            },
            "tags_all": {
              "Name": "dev-illuminati_app_cluster-public-us-east-1a",
              "kubernetes.io/cluster/dev-illuminati_app_cluster": "owned",
              "kubernetes.io/role/elb": "1"
            },
            "timeouts": null,
            "vpc_id": "vpc-083267667a7e838d8"
          },
          "sensitive_attributes": [],
          "identity_schema_version": 0,
          "identity": {
            "account_id": "195443952464",
            "id": "subnet-0894703cad1766f5f",
            "region": "us-east-1"
          },
          "private": "eyJlMmJmYjczMC1lY2FhLTExZTYtOGY4OC0zNDM2M2JjN2M0YzAiOnsiY3JlYXRlIjo2MDAwMDAwMDAwMDAsImRlbGV0ZSI6MTIwMDAwMDAwMDAwMH0sInNjaGVtYV92ZXJzaW9uIjoiMSJ9"
        }
      ]
    },
    {
      "module": "module.eks_setup",
      "mode": "managed",
      "type": "aws_subnet",
      "name": "public_zone2",
      "provider": "module.eks_setup.provider[\"registry.terraform.io/hashicorp/aws\"]",
      "instances": [
        {
          "schema_version": 1,
          "attributes": {
            "arn": "arn:aws:ec2:us-east-1:195443952464:subnet/subnet-0d7c4ecc3fa8bb433",
            "assign_ipv6_address_on_creation": false,
            "availability_zone": "us-east-1b",
            "availability_zone_id": "use1-az2",
            "cidr_block": "10.0.13.0/24",
            "customer_owned_ipv4_pool": "",
            "enable_dns64": false,
            "enable_lni_at_device_index": 0,
            "enable_resource_name_dns_a_record_on_launch": false,
            "enable_resource_name_dns_aaaa_record_on_launch": false,
            "id": "subnet-0d7c4ecc3fa8bb433",
            "ipv6_cidr_block": "",
            "ipv6_cidr_block_association_id": "",
            "ipv6_native": false,
            "map_customer_owned_ip_on_launch": false,
            "map_public_ip_on_launch": true,
            "outpost_arn": "",
            "owner_id": "195443952464",
            "private_dns_hostname_type_on_launch": "ip-name",
            "region": "us-east-1",
            "tags": {
              "Name": "dev-illuminati_app_cluster-public-us-east-1b",
              "kubernetes.io/cluster/dev-illuminati_app_cluster": "owned",
              "kubernetes.io/role/elb": "1"
            },
            "tags_all": {
              "Name": "dev-illuminati_app_cluster-public-us-east-1b",
              "kubernetes.io/cluster/dev-illuminati_app_cluster": "owned",
              "kubernetes.io/role/elb": "1"
            },
            "timeouts": null,
            "vpc_id": "vpc-083267667a7e838d8"
          },
          "sensitive_attributes": [],
          "identity_schema_version": 0,
          "identity": {
            "account_id": "195443952464",
            "id": "subnet-0d7c4ecc3fa8bb433",
            "region": "us-east-1"
          },
          "private": "eyJlMmJmYjczMC1lY2FhLTExZTYtOGY4OC0zNDM2M2JjN2M0YzAiOnsiY3JlYXRlIjo2MDAwMDAwMDAwMDAsImRlbGV0ZSI6MTIwMDAwMDAwMDAwMH0sInNjaGVtYV92ZXJzaW9uIjoiMSJ9"
        }
      ]
    },
    {
      "module": "module.eks_workflow_setup",
      "mode": "managed",
      "type": "aws_eks_addon",
      "name": "cert_manager",
      "provider": "module.eks_workflow_setup.provider[\"registry.terraform.io/hashicorp/aws\"]",
      "instances": [
        {
          "schema_version": 0,
          "attributes": {
            "addon_name": "cert-manager",
            "addon_version": "v1.19.1-eksbuild.1",
            "arn": "arn:aws:eks:us-east-1:195443952464:addon/dev-illuminati_app_cluster/cert-manager/52cd81a6-eec7-a6da-bbf2-679d9fa745cb",
            "cluster_name": "dev-illuminati_app_cluster",
            "configuration_values": "",
            "created_at": "2025-12-09T13:29:53Z",
            "id": "dev-illuminati_app_cluster:cert-manager",
            "modified_at": "2025-12-09T13:31:16Z",
            "pod_identity_association": [],
            "preserve": null,
            "region": "us-east-1",
            "resolve_conflicts_on_create": null,
            "resolve_conflicts_on_update": null,
            "service_account_role_arn": "",
            "tags": {},
            "tags_all": {},
            "timeouts": null
          },
          "sensitive_attributes": [],
          "identity_schema_version": 0,
          "private": "eyJlMmJmYjczMC1lY2FhLTExZTYtOGY4OC0zNDM2M2JjN2M0YzAiOnsiY3JlYXRlIjoxMjAwMDAwMDAwMDAwLCJkZWxldGUiOjI0MDAwMDAwMDAwMDAsInVwZGF0ZSI6MTIwMDAwMDAwMDAwMH19",
          "dependencies": [
            "module.eks_setup.aws_eks_cluster.eks",
            "module.eks_setup.aws_iam_role.eks",
            "module.eks_setup.aws_iam_role_policy_attachment.eks",
            "module.eks_setup.aws_subnet.private_zone1",
            "module.eks_setup.aws_subnet.private_zone2",
            "module.eks_workflow_setup.aws_eks_addon.metric_server",
            "module.eks_workflow_setup.aws_eks_addon.pod_identity"
          ]
        }
      ]
    },
    {
      "module": "module.eks_workflow_setup",
      "mode": "managed",
      "type": "aws_eks_addon",
      "name": "metric_server",
      "provider": "module.eks_workflow_setup.provider[\"registry.terraform.io/hashicorp/aws\"]",
      "instances": [
        {
          "schema_version": 0,
          "attributes": {
            "addon_name": "metrics-server",
            "addon_version": "v0.8.0-eksbuild.3",
            "arn": "arn:aws:eks:us-east-1:195443952464:addon/dev-illuminati_app_cluster/metrics-server/3ccd8183-623b-24fd-c53f-c417c11238b5",
            "cluster_name": "dev-illuminati_app_cluster",
            "configuration_values": "",
            "created_at": "2025-12-09T12:12:13Z",
            "id": "dev-illuminati_app_cluster:metrics-server",
            "modified_at": "2025-12-09T12:17:58Z",
            "pod_identity_association": [],
            "preserve": null,
            "region": "us-east-1",
            "resolve_conflicts_on_create": null,
            "resolve_conflicts_on_update": null,
            "service_account_role_arn": "",
            "tags": {},
            "tags_all": {},
            "timeouts": null
          },
          "sensitive_attributes": [],
          "identity_schema_version": 0,
          "private": "eyJlMmJmYjczMC1lY2FhLTExZTYtOGY4OC0zNDM2M2JjN2M0YzAiOnsiY3JlYXRlIjoxMjAwMDAwMDAwMDAwLCJkZWxldGUiOjI0MDAwMDAwMDAwMDAsInVwZGF0ZSI6MTIwMDAwMDAwMDAwMH19",
          "dependencies": [
            "module.eks_setup.aws_eks_cluster.eks",
            "module.eks_setup.aws_iam_role.eks",
            "module.eks_setup.aws_iam_role_policy_attachment.eks",
            "module.eks_setup.aws_subnet.private_zone1",
            "module.eks_setup.aws_subnet.private_zone2",
            "module.eks_workflow_setup.aws_eks_addon.pod_identity"
          ]
        }
      ]
    },
    {
      "module": "module.eks_workflow_setup",
      "mode": "managed",
      "type": "aws_eks_addon",
      "name": "pod_identity",
      "provider": "module.eks_workflow_setup.provider[\"registry.terraform.io/hashicorp/aws\"]",
      "instances": [
        {
          "schema_version": 0,
          "attributes": {
            "addon_name": "eks-pod-identity-agent",
            "addon_version": "v1.3.9-eksbuild.5",
            "arn": "arn:aws:eks:us-east-1:195443952464:addon/dev-illuminati_app_cluster/eks-pod-identity-agent/3acd8183-1a58-a391-bf24-68d0bbbefd0f",
            "cluster_name": "dev-illuminati_app_cluster",
            "configuration_values": "",
            "created_at": "2025-12-09T12:11:37Z",
            "id": "dev-illuminati_app_cluster:eks-pod-identity-agent",
            "modified_at": "2025-12-09T12:12:03Z",
            "pod_identity_association": [],
            "preserve": null,
            "region": "us-east-1",
            "resolve_conflicts_on_create": null,
            "resolve_conflicts_on_update": null,
            "service_account_role_arn": "",
            "tags": {},
            "tags_all": {},
            "timeouts": null
          },
          "sensitive_attributes": [],
          "identity_schema_version": 0,
          "private": "eyJlMmJmYjczMC1lY2FhLTExZTYtOGY4OC0zNDM2M2JjN2M0YzAiOnsiY3JlYXRlIjoxMjAwMDAwMDAwMDAwLCJkZWxldGUiOjI0MDAwMDAwMDAwMDAsInVwZGF0ZSI6MTIwMDAwMDAwMDAwMH19",
          "dependencies": [
            "module.eks_setup.aws_eks_cluster.eks",
            "module.eks_setup.aws_iam_role.eks",
            "module.eks_setup.aws_iam_role_policy_attachment.eks",
            "module.eks_setup.aws_subnet.private_zone1",
            "module.eks_setup.aws_subnet.private_zone2"
          ]
        }
      ]
    },
    {
      "module": "module.eks_workflow_setup",
      "mode": "managed",
      "type": "aws_route53_zone",
      "name": "main",
      "provider": "module.eks_workflow_setup.provider[\"registry.terraform.io/hashicorp/aws\"]",
      "instances": [
        {
          "schema_version": 0,
          "attributes": {
            "arn": "arn:aws:route53:::hostedzone/Z06421251GDNN51H8ASJ4",
            "comment": "Managed by Terraform",
            "delegation_set_id": "",
            "force_destroy": false,
            "id": "Z06421251GDNN51H8ASJ4",
            "name": "illuminati-core5.pp.ua",
            "name_servers": [
              "ns-1393.awsdns-46.org",
              "ns-169.awsdns-21.com",
              "ns-1787.awsdns-31.co.uk",
              "ns-780.awsdns-33.net"
            ],
            "primary_name_server": "ns-1787.awsdns-31.co.uk",
            "tags": {
              "Environment": "dev",
              "Name": "dev-illuminati_app_cluster-zone"
            },
            "tags_all": {
              "Environment": "dev",
              "Name": "dev-illuminati_app_cluster-zone"
            },
            "timeouts": null,
            "vpc": [],
            "zone_id": "Z06421251GDNN51H8ASJ4"
          },
          "sensitive_attributes": [],
          "identity_schema_version": 0,
          "private": "eyJlMmJmYjczMC1lY2FhLTExZTYtOGY4OC0zNDM2M2JjN2M0YzAiOnsiY3JlYXRlIjoxODAwMDAwMDAwMDAwLCJkZWxldGUiOjE4MDAwMDAwMDAwMDAsInVwZGF0ZSI6MTgwMDAwMDAwMDAwMH19",
          "dependencies": [
            "module.eks_setup.aws_eks_cluster.eks",
            "module.eks_setup.aws_iam_role.eks",
            "module.eks_setup.aws_iam_role_policy_attachment.eks",
            "module.eks_setup.aws_subnet.private_zone1",
            "module.eks_setup.aws_subnet.private_zone2"
          ]
        }
      ]
    },
    {
      "module": "module.eks_workflow_setup",
      "mode": "managed",
      "type": "helm_release",
      "name": "aws_loadbalancer_controller",
      "provider": "module.eks_workflow_setup.provider[\"registry.terraform.io/hashicorp/helm\"]",
      "instances": [
        {
          "schema_version": 2,
          "attributes": {
            "atomic": false,
            "chart": "aws_loadbalancer_controller",
            "cleanup_on_fail": false,
            "create_namespace": false,
            "dependency_update": false,
            "description": null,
            "devel": null,
            "disable_crd_hooks": false,
            "disable_openapi_validation": false,
            "disable_webhooks": false,
            "force_update": false,
            "id": "aws-loadbalancer-controller",
            "keyring": null,
            "lint": false,
            "manifest": null,
            "max_history": 0,
            "metadata": {
              "app_version": "1.16.0",
              "chart": "aws_loadbalancer_controller",
              "first_deployed": 1765288550,
              "last_deployed": 1765288550,
              "name": "aws-loadbalancer-controller",
              "namespace": "kube-system",
              "notes": "",
              "revision": 1,
              "values": "{\"clusterName\":\"dev-illuminati_app_cluster\",\"clusterRegion\":\"us-east-1\",\"clusterVPC\":\"vpc-083267667a7e838d8\"}",
              "version": "0.1.0"
            },
            "name": "aws-loadbalancer-controller",
            "namespace": "kube-system",
            "pass_credentials": false,
            "postrender": null,
            "recreate_pods": false,
            "render_subchart_notes": true,
            "replace": false,
            "repository": "./helm",
            "repository_ca_file": null,
            "repository_cert_file": null,
            "repository_key_file": null,
            "repository_password": null,
            "repository_username": null,
            "reset_values": false,
            "reuse_values": false,
            "set": [
              {
                "name": "clusterName",
                "type": "",
                "value": "dev-illuminati_app_cluster"
              },
              {
                "name": "clusterVPC",
                "type": "",
                "value": "vpc-083267667a7e838d8"
              },
              {
                "name": "clusterRegion",
                "type": "",
                "value": "us-east-1"
              }
            ],
            "set_list": null,
            "set_sensitive": null,
            "set_wo": null,
            "set_wo_revision": null,
            "skip_crds": false,
            "status": "deployed",
            "timeout": 900,
            "values": null,
            "verify": false,
            "version": "0.1.0",
            "wait": true,
            "wait_for_jobs": true
          },
          "sensitive_attributes": [
            [
              {
                "type": "get_attr",
                "value": "repository_password"
              }
            ]
          ],
          "identity_schema_version": 0,
          "dependencies": [
            "module.eks_setup.aws_eks_cluster.eks",
            "module.eks_setup.aws_iam_role.eks",
            "module.eks_setup.aws_iam_role_policy_attachment.eks",
            "module.eks_setup.aws_subnet.private_zone1",
            "module.eks_setup.aws_subnet.private_zone2",
            "module.eks_setup.data.aws_eks_cluster_auth.cluster_auth",
            "module.eks_workflow_setup.aws_eks_addon.cert_manager",
            "module.eks_workflow_setup.aws_eks_addon.metric_server",
            "module.eks_workflow_setup.aws_eks_addon.pod_identity"
          ]
        }
      ]
    }
  ],
  "check_results": null
}
